
Microsoft Visual Studio Solution File, Format Version 12.00
# Visual Studio Version 17
VisualStudioVersion = 17.12.35514.174 d17.12
MinimumVisualStudioVersion = 10.0.40219.1
Project("{FAE04EC0-301F-11D3-BF4B-00C04F79EFBC}") = "Maris_Sorana_Lab9", "Maris_Sorana_Lab9.csproj", "{CBF4B8F9-60C3-469B-8204-BE7E9F07ECA2}"
EndProject
Project("{FAE04EC0-301F-11D3-BF4B-00C04F79EFBC}") = "gRPCClient", "..\gRPCClient\gRPCClient.csproj", "{1A0E38B9-13D0-4C00-B468-8BD30E931FF1}"
EndProject
Global
	GlobalSection(SolutionConfigurationPlatforms) = preSolution
		Debug|Any CPU = Debug|Any CPU
		Release|Any CPU = Release|Any CPU
	EndGlobalSection
	GlobalSection(ProjectConfigurationPlatforms) = postSolution
		{CBF4B8F9-60C3-469B-8204-BE7E9F07ECA2}.Debug|Any CPU.ActiveCfg = Debug|Any CPU
		{CBF4B8F9-60C3-469B-8204-BE7E9F07ECA2}.Debug|Any CPU.Build.0 = Debug|Any CPU
		{CBF4B8F9-60C3-469B-8204-BE7E9F07ECA2}.Release|Any CPU.ActiveCfg = Release|Any CPU
		{CBF4B8F9-60C3-469B-8204-BE7E9F07ECA2}.Release|Any CPU.Build.0 = Release|Any CPU
		{1A0E38B9-13D0-4C00-B468-8BD30E931FF1}.Debug|Any CPU.ActiveCfg = Debug|Any CPU
		{1A0E38B9-13D0-4C00-B468-8BD30E931FF1}.Debug|Any CPU.Build.0 = Debug|Any CPU
		{1A0E38B9-13D0-4C00-B468-8BD30E931FF1}.Release|Any CPU.ActiveCfg = Release|Any CPU
		{1A0E38B9-13D0-4C00-B468-8BD30E931FF1}.Release|Any CPU.Build.0 = Release|Any CPU
	EndGlobalSection
	GlobalSection(SolutionProperties) = preSolution
		HideSolutionNode = FALSE
	EndGlobalSection
EndGlobal
